
Microsoft Visual Studio Solution File, Format Version 12.00
# Visual Studio Version 17
VisualStudioVersion = 17.12.35707.178
MinimumVisualStudioVersion = 10.0.40219.1
Project("{FAE04EC0-301F-11D3-BF4B-00C04F79EFBC}") = "Order.API", "Order.API\Order.API.csproj", "{1BCC3E56-432F-4226-BC0B-622383BC2BA7}"
EndProject
Project("{FAE04EC0-301F-11D3-BF4B-00C04F79EFBC}") = "Stock.API", "Stock.API\Stock.API.csproj", "{1CD14E33-5E77-4E94-B112-19E0A5BFE64D}"
EndProject
Project("{FAE04EC0-301F-11D3-BF4B-00C04F79EFBC}") = "Payment.API", "Payment.API\Payment.API.csproj", "{D7A7BD32-9465-4C88-A1C8-208FA01E8373}"
EndProject
Project("{FAE04EC0-301F-11D3-BF4B-00C04F79EFBC}") = "Shared", "Shared\Shared.csproj", "{5BDC9132-ABB2-4577-9C4F-18AE42F25CCB}"
EndProject
Project("{FAE04EC0-301F-11D3-BF4B-00C04F79EFBC}") = "Cargo.API", "Cargo.API\Cargo.API.csproj", "{C2D4CE5E-6B9B-4BCC-AE05-9C34DF1C4509}"
EndProject
Project("{FAE04EC0-301F-11D3-BF4B-00C04F79EFBC}") = "UnitTest.Test", "UnitTest.Test\UnitTest.Test.csproj", "{7131B5EA-CF93-43D8-97AA-D763C2D33165}"
EndProject
Global
	GlobalSection(SolutionConfigurationPlatforms) = preSolution
		Debug|Any CPU = Debug|Any CPU
		Release|Any CPU = Release|Any CPU
	EndGlobalSection
	GlobalSection(ProjectConfigurationPlatforms) = postSolution
		{1BCC3E56-432F-4226-BC0B-622383BC2BA7}.Debug|Any CPU.ActiveCfg = Debug|Any CPU
		{1BCC3E56-432F-4226-BC0B-622383BC2BA7}.Debug|Any CPU.Build.0 = Debug|Any CPU
		{1BCC3E56-432F-4226-BC0B-622383BC2BA7}.Release|Any CPU.ActiveCfg = Release|Any CPU
		{1BCC3E56-432F-4226-BC0B-622383BC2BA7}.Release|Any CPU.Build.0 = Release|Any CPU
		{1CD14E33-5E77-4E94-B112-19E0A5BFE64D}.Debug|Any CPU.ActiveCfg = Debug|Any CPU
		{1CD14E33-5E77-4E94-B112-19E0A5BFE64D}.Debug|Any CPU.Build.0 = Debug|Any CPU
		{1CD14E33-5E77-4E94-B112-19E0A5BFE64D}.Release|Any CPU.ActiveCfg = Release|Any CPU
		{1CD14E33-5E77-4E94-B112-19E0A5BFE64D}.Release|Any CPU.Build.0 = Release|Any CPU
		{D7A7BD32-9465-4C88-A1C8-208FA01E8373}.Debug|Any CPU.ActiveCfg = Debug|Any CPU
		{D7A7BD32-9465-4C88-A1C8-208FA01E8373}.Debug|Any CPU.Build.0 = Debug|Any CPU
		{D7A7BD32-9465-4C88-A1C8-208FA01E8373}.Release|Any CPU.ActiveCfg = Release|Any CPU
		{D7A7BD32-9465-4C88-A1C8-208FA01E8373}.Release|Any CPU.Build.0 = Release|Any CPU
		{5BDC9132-ABB2-4577-9C4F-18AE42F25CCB}.Debug|Any CPU.ActiveCfg = Debug|Any CPU
		{5BDC9132-ABB2-4577-9C4F-18AE42F25CCB}.Debug|Any CPU.Build.0 = Debug|Any CPU
		{5BDC9132-ABB2-4577-9C4F-18AE42F25CCB}.Release|Any CPU.ActiveCfg = Release|Any CPU
		{5BDC9132-ABB2-4577-9C4F-18AE42F25CCB}.Release|Any CPU.Build.0 = Release|Any CPU
		{C2D4CE5E-6B9B-4BCC-AE05-9C34DF1C4509}.Debug|Any CPU.ActiveCfg = Debug|Any CPU
		{C2D4CE5E-6B9B-4BCC-AE05-9C34DF1C4509}.Debug|Any CPU.Build.0 = Debug|Any CPU
		{C2D4CE5E-6B9B-4BCC-AE05-9C34DF1C4509}.Release|Any CPU.ActiveCfg = Release|Any CPU
		{C2D4CE5E-6B9B-4BCC-AE05-9C34DF1C4509}.Release|Any CPU.Build.0 = Release|Any CPU
		{7131B5EA-CF93-43D8-97AA-D763C2D33165}.Debug|Any CPU.ActiveCfg = Debug|Any CPU
		{7131B5EA-CF93-43D8-97AA-D763C2D33165}.Debug|Any CPU.Build.0 = Debug|Any CPU
		{7131B5EA-CF93-43D8-97AA-D763C2D33165}.Release|Any CPU.ActiveCfg = Release|Any CPU
		{7131B5EA-CF93-43D8-97AA-D763C2D33165}.Release|Any CPU.Build.0 = Release|Any CPU
	EndGlobalSection
	GlobalSection(SolutionProperties) = preSolution
		HideSolutionNode = FALSE
	EndGlobalSection
EndGlobal
